// !$*UTF8*$!
{
	archiveVersion = 1;
	classes = {
	};
	objectVersion = 46;
	objects = {

/* Begin PBXBuildFile section */
		0B32004E289A3BE879479FFF /* Pods_AmaroChallengeTests.framework in Frameworks */ = {isa = PBXBuildFile; fileRef = 9368DFEDBF0E550342F0B9D3 /* Pods_AmaroChallengeTests.framework */; };
		112FDA7E1E4F5C6400E229CA /* AppDelegate.swift in Sources */ = {isa = PBXBuildFile; fileRef = 112FDA7D1E4F5C6400E229CA /* AppDelegate.swift */; };
		112FDA831E4F5C6400E229CA /* Main.storyboard in Resources */ = {isa = PBXBuildFile; fileRef = 112FDA811E4F5C6400E229CA /* Main.storyboard */; };
		112FDA851E4F5C6400E229CA /* Assets.xcassets in Resources */ = {isa = PBXBuildFile; fileRef = 112FDA841E4F5C6400E229CA /* Assets.xcassets */; };
		112FDA881E4F5C6400E229CA /* LaunchScreen.storyboard in Resources */ = {isa = PBXBuildFile; fileRef = 112FDA861E4F5C6400E229CA /* LaunchScreen.storyboard */; };
		112FDA931E4F5C6400E229CA /* AmaroChallengeTests.swift in Sources */ = {isa = PBXBuildFile; fileRef = 112FDA921E4F5C6400E229CA /* AmaroChallengeTests.swift */; };
		112FDA9E1E4F5C6400E229CA /* AmaroChallengeUITests.swift in Sources */ = {isa = PBXBuildFile; fileRef = 112FDA9D1E4F5C6400E229CA /* AmaroChallengeUITests.swift */; };
		112FDAAE1E4F5F9D00E229CA /* CatalogViewController.swift in Sources */ = {isa = PBXBuildFile; fileRef = 112FDAAD1E4F5F9D00E229CA /* CatalogViewController.swift */; };
		112FDAB01E4F5FF900E229CA /* CardCollectionViewCell.swift in Sources */ = {isa = PBXBuildFile; fileRef = 112FDAAF1E4F5FF900E229CA /* CardCollectionViewCell.swift */; };
		112FDAB31E4F633000E229CA /* Product.swift in Sources */ = {isa = PBXBuildFile; fileRef = 112FDAB21E4F633000E229CA /* Product.swift */; };
		112FDAB51E4F63DD00E229CA /* Size.swift in Sources */ = {isa = PBXBuildFile; fileRef = 112FDAB41E4F63DD00E229CA /* Size.swift */; };
		112FDAB81E4F65AB00E229CA /* products.json in Resources */ = {isa = PBXBuildFile; fileRef = 112FDAB71E4F65AB00E229CA /* products.json */; };
		112FDAC01E4F705900E229CA /* GetData.swift in Sources */ = {isa = PBXBuildFile; fileRef = 112FDABF1E4F705900E229CA /* GetData.swift */; };
		112FDAC21E4F900B00E229CA /* ProductBuyTableViewCell.swift in Sources */ = {isa = PBXBuildFile; fileRef = 112FDAC11E4F900B00E229CA /* ProductBuyTableViewCell.swift */; };
		112FDAC41E4F902100E229CA /* ListBuyViewController.swift in Sources */ = {isa = PBXBuildFile; fileRef = 112FDAC31E4F902100E229CA /* ListBuyViewController.swift */; };
		117AF2931E50974C00400ACB /* RealmController.swift in Sources */ = {isa = PBXBuildFile; fileRef = 117AF2921E50974C00400ACB /* RealmController.swift */; };
		117AF2951E50A03200400ACB /* ProductRealm.swift in Sources */ = {isa = PBXBuildFile; fileRef = 117AF2941E50A03200400ACB /* ProductRealm.swift */; };
		39C73ACA4DB04C72F61BEA58 /* Pods_AmaroChallenge.framework in Frameworks */ = {isa = PBXBuildFile; fileRef = 2E017330E8C240A4E13DD798 /* Pods_AmaroChallenge.framework */; };
		8AA75288B26CF8C984E1890D /* Pods_AmaroChallengeUITests.framework in Frameworks */ = {isa = PBXBuildFile; fileRef = 7E932DAC19712B8BF2F3C05C /* Pods_AmaroChallengeUITests.framework */; };
		AE9E36A0B75926389CD0FB29 /* Pods_AmaroChallenge_AmaroChallengeTests.framework in Frameworks */ = {isa = PBXBuildFile; fileRef = BE4FBE40CCCF31719A2499B7 /* Pods_AmaroChallenge_AmaroChallengeTests.framework */; };
		D8331437527BBBFA7DDE0378 /* Pods_AmaroChallenge_AmaroChallengeUITests.framework in Frameworks */ = {isa = PBXBuildFile; fileRef = 6629B97A42A541302697AAB7 /* Pods_AmaroChallenge_AmaroChallengeUITests.framework */; };
/* End PBXBuildFile section */

/* Begin PBXContainerItemProxy section */
		112FDA8F1E4F5C6400E229CA /* PBXContainerItemProxy */ = {
			isa = PBXContainerItemProxy;
			containerPortal = 112FDA721E4F5C6300E229CA /* Project object */;
			proxyType = 1;
			remoteGlobalIDString = 112FDA791E4F5C6300E229CA;
			remoteInfo = AmaroChallenge;
		};
		112FDA9A1E4F5C6400E229CA /* PBXContainerItemProxy */ = {
			isa = PBXContainerItemProxy;
			containerPortal = 112FDA721E4F5C6300E229CA /* Project object */;
			proxyType = 1;
			remoteGlobalIDString = 112FDA791E4F5C6300E229CA;
			remoteInfo = AmaroChallenge;
		};
/* End PBXContainerItemProxy section */

/* Begin PBXFileReference section */
		112FDA7A1E4F5C6300E229CA /* AmaroChallenge.app */ = {isa = PBXFileReference; explicitFileType = wrapper.application; includeInIndex = 0; path = AmaroChallenge.app; sourceTree = BUILT_PRODUCTS_DIR; };
		112FDA7D1E4F5C6400E229CA /* AppDelegate.swift */ = {isa = PBXFileReference; lastKnownFileType = sourcecode.swift; path = AppDelegate.swift; sourceTree = "<group>"; };
		112FDA821E4F5C6400E229CA /* Base */ = {isa = PBXFileReference; lastKnownFileType = file.storyboard; name = Base; path = Base.lproj/Main.storyboard; sourceTree = "<group>"; };
		112FDA841E4F5C6400E229CA /* Assets.xcassets */ = {isa = PBXFileReference; lastKnownFileType = folder.assetcatalog; path = Assets.xcassets; sourceTree = "<group>"; };
		112FDA871E4F5C6400E229CA /* Base */ = {isa = PBXFileReference; lastKnownFileType = file.storyboard; name = Base; path = Base.lproj/LaunchScreen.storyboard; sourceTree = "<group>"; };
		112FDA891E4F5C6400E229CA /* Info.plist */ = {isa = PBXFileReference; lastKnownFileType = text.plist.xml; path = Info.plist; sourceTree = "<group>"; };
		112FDA8E1E4F5C6400E229CA /* AmaroChallengeTests.xctest */ = {isa = PBXFileReference; explicitFileType = wrapper.cfbundle; includeInIndex = 0; path = AmaroChallengeTests.xctest; sourceTree = BUILT_PRODUCTS_DIR; };
		112FDA921E4F5C6400E229CA /* AmaroChallengeTests.swift */ = {isa = PBXFileReference; lastKnownFileType = sourcecode.swift; path = AmaroChallengeTests.swift; sourceTree = "<group>"; };
		112FDA941E4F5C6400E229CA /* Info.plist */ = {isa = PBXFileReference; lastKnownFileType = text.plist.xml; path = Info.plist; sourceTree = "<group>"; };
		112FDA991E4F5C6400E229CA /* AmaroChallengeUITests.xctest */ = {isa = PBXFileReference; explicitFileType = wrapper.cfbundle; includeInIndex = 0; path = AmaroChallengeUITests.xctest; sourceTree = BUILT_PRODUCTS_DIR; };
		112FDA9D1E4F5C6400E229CA /* AmaroChallengeUITests.swift */ = {isa = PBXFileReference; lastKnownFileType = sourcecode.swift; path = AmaroChallengeUITests.swift; sourceTree = "<group>"; };
		112FDA9F1E4F5C6400E229CA /* Info.plist */ = {isa = PBXFileReference; lastKnownFileType = text.plist.xml; path = Info.plist; sourceTree = "<group>"; };
		112FDAAD1E4F5F9D00E229CA /* CatalogViewController.swift */ = {isa = PBXFileReference; fileEncoding = 4; lastKnownFileType = sourcecode.swift; path = CatalogViewController.swift; sourceTree = "<group>"; };
		112FDAAF1E4F5FF900E229CA /* CardCollectionViewCell.swift */ = {isa = PBXFileReference; fileEncoding = 4; lastKnownFileType = sourcecode.swift; path = CardCollectionViewCell.swift; sourceTree = "<group>"; };
		112FDAB21E4F633000E229CA /* Product.swift */ = {isa = PBXFileReference; fileEncoding = 4; lastKnownFileType = sourcecode.swift; path = Product.swift; sourceTree = "<group>"; };
		112FDAB41E4F63DD00E229CA /* Size.swift */ = {isa = PBXFileReference; fileEncoding = 4; lastKnownFileType = sourcecode.swift; path = Size.swift; sourceTree = "<group>"; };
		112FDAB71E4F65AB00E229CA /* products.json */ = {isa = PBXFileReference; fileEncoding = 4; lastKnownFileType = text.json; path = products.json; sourceTree = "<group>"; };
		112FDABF1E4F705900E229CA /* GetData.swift */ = {isa = PBXFileReference; fileEncoding = 4; lastKnownFileType = sourcecode.swift; path = GetData.swift; sourceTree = "<group>"; };
		112FDAC11E4F900B00E229CA /* ProductBuyTableViewCell.swift */ = {isa = PBXFileReference; fileEncoding = 4; lastKnownFileType = sourcecode.swift; path = ProductBuyTableViewCell.swift; sourceTree = "<group>"; };
		112FDAC31E4F902100E229CA /* ListBuyViewController.swift */ = {isa = PBXFileReference; fileEncoding = 4; lastKnownFileType = sourcecode.swift; path = ListBuyViewController.swift; sourceTree = "<group>"; };
		117AF2921E50974C00400ACB /* RealmController.swift */ = {isa = PBXFileReference; fileEncoding = 4; lastKnownFileType = sourcecode.swift; path = RealmController.swift; sourceTree = "<group>"; };
		117AF2941E50A03200400ACB /* ProductRealm.swift */ = {isa = PBXFileReference; fileEncoding = 4; lastKnownFileType = sourcecode.swift; path = ProductRealm.swift; sourceTree = "<group>"; };
		1EE0218FD863180A7F528A01 /* Pods-AmaroChallenge.debug.xcconfig */ = {isa = PBXFileReference; includeInIndex = 1; lastKnownFileType = text.xcconfig; name = "Pods-AmaroChallenge.debug.xcconfig"; path = "Pods/Target Support Files/Pods-AmaroChallenge/Pods-AmaroChallenge.debug.xcconfig"; sourceTree = "<group>"; };
		2E017330E8C240A4E13DD798 /* Pods_AmaroChallenge.framework */ = {isa = PBXFileReference; explicitFileType = wrapper.framework; includeInIndex = 0; path = Pods_AmaroChallenge.framework; sourceTree = BUILT_PRODUCTS_DIR; };
		3F074A239F01E8ECB6AB8C1D /* Pods-AmaroChallenge-AmaroChallengeTests.debug.xcconfig */ = {isa = PBXFileReference; includeInIndex = 1; lastKnownFileType = text.xcconfig; name = "Pods-AmaroChallenge-AmaroChallengeTests.debug.xcconfig"; path = "Pods/Target Support Files/Pods-AmaroChallenge-AmaroChallengeTests/Pods-AmaroChallenge-AmaroChallengeTests.debug.xcconfig"; sourceTree = "<group>"; };
		478F18E5D4923CEA40CF992A /* Pods-AmaroChallengeTests.debug.xcconfig */ = {isa = PBXFileReference; includeInIndex = 1; lastKnownFileType = text.xcconfig; name = "Pods-AmaroChallengeTests.debug.xcconfig"; path = "Pods/Target Support Files/Pods-AmaroChallengeTests/Pods-AmaroChallengeTests.debug.xcconfig"; sourceTree = "<group>"; };
		6629B97A42A541302697AAB7 /* Pods_AmaroChallenge_AmaroChallengeUITests.framework */ = {isa = PBXFileReference; explicitFileType = wrapper.framework; includeInIndex = 0; path = Pods_AmaroChallenge_AmaroChallengeUITests.framework; sourceTree = BUILT_PRODUCTS_DIR; };
		73B9FEAE0E56F18E9E7244A7 /* Pods-AmaroChallengeUITests.release.xcconfig */ = {isa = PBXFileReference; includeInIndex = 1; lastKnownFileType = text.xcconfig; name = "Pods-AmaroChallengeUITests.release.xcconfig"; path = "Pods/Target Support Files/Pods-AmaroChallengeUITests/Pods-AmaroChallengeUITests.release.xcconfig"; sourceTree = "<group>"; };
		75FC1E19F4843293FFE7F072 /* Pods-AmaroChallengeUITests.debug.xcconfig */ = {isa = PBXFileReference; includeInIndex = 1; lastKnownFileType = text.xcconfig; name = "Pods-AmaroChallengeUITests.debug.xcconfig"; path = "Pods/Target Support Files/Pods-AmaroChallengeUITests/Pods-AmaroChallengeUITests.debug.xcconfig"; sourceTree = "<group>"; };
		7E932DAC19712B8BF2F3C05C /* Pods_AmaroChallengeUITests.framework */ = {isa = PBXFileReference; explicitFileType = wrapper.framework; includeInIndex = 0; path = Pods_AmaroChallengeUITests.framework; sourceTree = BUILT_PRODUCTS_DIR; };
		9368DFEDBF0E550342F0B9D3 /* Pods_AmaroChallengeTests.framework */ = {isa = PBXFileReference; explicitFileType = wrapper.framework; includeInIndex = 0; path = Pods_AmaroChallengeTests.framework; sourceTree = BUILT_PRODUCTS_DIR; };
		966F99001D449A7E575E638B /* Pods-AmaroChallenge.release.xcconfig */ = {isa = PBXFileReference; includeInIndex = 1; lastKnownFileType = text.xcconfig; name = "Pods-AmaroChallenge.release.xcconfig"; path = "Pods/Target Support Files/Pods-AmaroChallenge/Pods-AmaroChallenge.release.xcconfig"; sourceTree = "<group>"; };
		A419145A44E19F40BB871558 /* Pods-AmaroChallenge-AmaroChallengeUITests.debug.xcconfig */ = {isa = PBXFileReference; includeInIndex = 1; lastKnownFileType = text.xcconfig; name = "Pods-AmaroChallenge-AmaroChallengeUITests.debug.xcconfig"; path = "Pods/Target Support Files/Pods-AmaroChallenge-AmaroChallengeUITests/Pods-AmaroChallenge-AmaroChallengeUITests.debug.xcconfig"; sourceTree = "<group>"; };
		A494A2411387E53D8BD02BE4 /* Pods-AmaroChallenge-AmaroChallengeUITests.release.xcconfig */ = {isa = PBXFileReference; includeInIndex = 1; lastKnownFileType = text.xcconfig; name = "Pods-AmaroChallenge-AmaroChallengeUITests.release.xcconfig"; path = "Pods/Target Support Files/Pods-AmaroChallenge-AmaroChallengeUITests/Pods-AmaroChallenge-AmaroChallengeUITests.release.xcconfig"; sourceTree = "<group>"; };
		BE4FBE40CCCF31719A2499B7 /* Pods_AmaroChallenge_AmaroChallengeTests.framework */ = {isa = PBXFileReference; explicitFileType = wrapper.framework; includeInIndex = 0; path = Pods_AmaroChallenge_AmaroChallengeTests.framework; sourceTree = BUILT_PRODUCTS_DIR; };
		D78EDBDCFAE10710371EE29E /* Pods-AmaroChallenge-AmaroChallengeTests.release.xcconfig */ = {isa = PBXFileReference; includeInIndex = 1; lastKnownFileType = text.xcconfig; name = "Pods-AmaroChallenge-AmaroChallengeTests.release.xcconfig"; path = "Pods/Target Support Files/Pods-AmaroChallenge-AmaroChallengeTests/Pods-AmaroChallenge-AmaroChallengeTests.release.xcconfig"; sourceTree = "<group>"; };
		E539CF79E768286085AE96B5 /* Pods-AmaroChallengeTests.release.xcconfig */ = {isa = PBXFileReference; includeInIndex = 1; lastKnownFileType = text.xcconfig; name = "Pods-AmaroChallengeTests.release.xcconfig"; path = "Pods/Target Support Files/Pods-AmaroChallengeTests/Pods-AmaroChallengeTests.release.xcconfig"; sourceTree = "<group>"; };
/* End PBXFileReference section */

/* Begin PBXFrameworksBuildPhase section */
		112FDA771E4F5C6300E229CA /* Frameworks */ = {
			isa = PBXFrameworksBuildPhase;
			buildActionMask = 2147483647;
			files = (
				39C73ACA4DB04C72F61BEA58 /* Pods_AmaroChallenge.framework in Frameworks */,
			);
			runOnlyForDeploymentPostprocessing = 0;
		};
		112FDA8B1E4F5C6400E229CA /* Frameworks */ = {
			isa = PBXFrameworksBuildPhase;
			buildActionMask = 2147483647;
			files = (
				AE9E36A0B75926389CD0FB29 /* Pods_AmaroChallenge_AmaroChallengeTests.framework in Frameworks */,
				0B32004E289A3BE879479FFF /* Pods_AmaroChallengeTests.framework in Frameworks */,
			);
			runOnlyForDeploymentPostprocessing = 0;
		};
		112FDA961E4F5C6400E229CA /* Frameworks */ = {
			isa = PBXFrameworksBuildPhase;
			buildActionMask = 2147483647;
			files = (
				D8331437527BBBFA7DDE0378 /* Pods_AmaroChallenge_AmaroChallengeUITests.framework in Frameworks */,
				8AA75288B26CF8C984E1890D /* Pods_AmaroChallengeUITests.framework in Frameworks */,
			);
			runOnlyForDeploymentPostprocessing = 0;
		};
/* End PBXFrameworksBuildPhase section */

/* Begin PBXGroup section */
		112FDA711E4F5C6300E229CA = {
			isa = PBXGroup;
			children = (
				112FDA7C1E4F5C6300E229CA /* AmaroChallenge */,
				112FDA911E4F5C6400E229CA /* AmaroChallengeTests */,
				112FDA9C1E4F5C6400E229CA /* AmaroChallengeUITests */,
				112FDA7B1E4F5C6300E229CA /* Products */,
				FD67AA2047DE3F0EF9815577 /* Pods */,
				636241A17F9026D54A365FA4 /* Frameworks */,
			);
			sourceTree = "<group>";
		};
		112FDA7B1E4F5C6300E229CA /* Products */ = {
			isa = PBXGroup;
			children = (
				112FDA7A1E4F5C6300E229CA /* AmaroChallenge.app */,
				112FDA8E1E4F5C6400E229CA /* AmaroChallengeTests.xctest */,
				112FDA991E4F5C6400E229CA /* AmaroChallengeUITests.xctest */,
			);
			name = Products;
			sourceTree = "<group>";
		};
		112FDA7C1E4F5C6300E229CA /* AmaroChallenge */ = {
			isa = PBXGroup;
			children = (
				112FDABA1E4F684A00E229CA /* Worker */,
				112FDAB91E4F65CF00E229CA /* Storyboards */,
				112FDAB61E4F654F00E229CA /* Supporting Files */,
				112FDAB11E4F62CA00E229CA /* Models */,
				112FDAAC1E4F5F7F00E229CA /* Cells */,
				112FDAAB1E4F5F7000E229CA /* ViewControllers */,
			);
			path = AmaroChallenge;
			sourceTree = "<group>";
		};
		112FDA911E4F5C6400E229CA /* AmaroChallengeTests */ = {
			isa = PBXGroup;
			children = (
				112FDA921E4F5C6400E229CA /* AmaroChallengeTests.swift */,
				112FDA941E4F5C6400E229CA /* Info.plist */,
			);
			path = AmaroChallengeTests;
			sourceTree = "<group>";
		};
		112FDA9C1E4F5C6400E229CA /* AmaroChallengeUITests */ = {
			isa = PBXGroup;
			children = (
				112FDA9D1E4F5C6400E229CA /* AmaroChallengeUITests.swift */,
				112FDA9F1E4F5C6400E229CA /* Info.plist */,
			);
			path = AmaroChallengeUITests;
			sourceTree = "<group>";
		};
		112FDAAB1E4F5F7000E229CA /* ViewControllers */ = {
			isa = PBXGroup;
			children = (
				112FDAAD1E4F5F9D00E229CA /* CatalogViewController.swift */,
				112FDAC31E4F902100E229CA /* ListBuyViewController.swift */,
			);
			name = ViewControllers;
			sourceTree = "<group>";
		};
		112FDAAC1E4F5F7F00E229CA /* Cells */ = {
			isa = PBXGroup;
			children = (
				112FDAAF1E4F5FF900E229CA /* CardCollectionViewCell.swift */,
				112FDAC11E4F900B00E229CA /* ProductBuyTableViewCell.swift */,
			);
			name = Cells;
			sourceTree = "<group>";
		};
		112FDAB11E4F62CA00E229CA /* Models */ = {
			isa = PBXGroup;
			children = (
				112FDAB21E4F633000E229CA /* Product.swift */,
				112FDAB41E4F63DD00E229CA /* Size.swift */,
				117AF2941E50A03200400ACB /* ProductRealm.swift */,
			);
			name = Models;
			sourceTree = "<group>";
		};
		112FDAB61E4F654F00E229CA /* Supporting Files */ = {
			isa = PBXGroup;
			children = (
				112FDA861E4F5C6400E229CA /* LaunchScreen.storyboard */,
				112FDA841E4F5C6400E229CA /* Assets.xcassets */,
				112FDAB71E4F65AB00E229CA /* products.json */,
				112FDA7D1E4F5C6400E229CA /* AppDelegate.swift */,
				112FDA891E4F5C6400E229CA /* Info.plist */,
			);
			name = "Supporting Files";
			sourceTree = "<group>";
		};
		112FDAB91E4F65CF00E229CA /* Storyboards */ = {
			isa = PBXGroup;
			children = (
				112FDA811E4F5C6400E229CA /* Main.storyboard */,
			);
			name = Storyboards;
			sourceTree = "<group>";
		};
		112FDABA1E4F684A00E229CA /* Worker */ = {
			isa = PBXGroup;
			children = (
				112FDABF1E4F705900E229CA /* GetData.swift */,
				117AF2921E50974C00400ACB /* RealmController.swift */,
			);
			name = Worker;
			sourceTree = "<group>";
		};
		636241A17F9026D54A365FA4 /* Frameworks */ = {
			isa = PBXGroup;
			children = (
				2E017330E8C240A4E13DD798 /* Pods_AmaroChallenge.framework */,
				BE4FBE40CCCF31719A2499B7 /* Pods_AmaroChallenge_AmaroChallengeTests.framework */,
				6629B97A42A541302697AAB7 /* Pods_AmaroChallenge_AmaroChallengeUITests.framework */,
				9368DFEDBF0E550342F0B9D3 /* Pods_AmaroChallengeTests.framework */,
				7E932DAC19712B8BF2F3C05C /* Pods_AmaroChallengeUITests.framework */,
			);
			name = Frameworks;
			sourceTree = "<group>";
		};
		FD67AA2047DE3F0EF9815577 /* Pods */ = {
			isa = PBXGroup;
			children = (
				1EE0218FD863180A7F528A01 /* Pods-AmaroChallenge.debug.xcconfig */,
				966F99001D449A7E575E638B /* Pods-AmaroChallenge.release.xcconfig */,
				3F074A239F01E8ECB6AB8C1D /* Pods-AmaroChallenge-AmaroChallengeTests.debug.xcconfig */,
				D78EDBDCFAE10710371EE29E /* Pods-AmaroChallenge-AmaroChallengeTests.release.xcconfig */,
				A419145A44E19F40BB871558 /* Pods-AmaroChallenge-AmaroChallengeUITests.debug.xcconfig */,
				A494A2411387E53D8BD02BE4 /* Pods-AmaroChallenge-AmaroChallengeUITests.release.xcconfig */,
				478F18E5D4923CEA40CF992A /* Pods-AmaroChallengeTests.debug.xcconfig */,
				E539CF79E768286085AE96B5 /* Pods-AmaroChallengeTests.release.xcconfig */,
				75FC1E19F4843293FFE7F072 /* Pods-AmaroChallengeUITests.debug.xcconfig */,
				73B9FEAE0E56F18E9E7244A7 /* Pods-AmaroChallengeUITests.release.xcconfig */,
			);
			name = Pods;
			sourceTree = "<group>";
		};
/* End PBXGroup section */

/* Begin PBXNativeTarget section */
		112FDA791E4F5C6300E229CA /* AmaroChallenge */ = {
			isa = PBXNativeTarget;
			buildConfigurationList = 112FDAA21E4F5C6400E229CA /* Build configuration list for PBXNativeTarget "AmaroChallenge" */;
			buildPhases = (
				359640EC8D4150F2D3081489 /* [CP] Check Pods Manifest.lock */,
				112FDA761E4F5C6300E229CA /* Sources */,
				112FDA771E4F5C6300E229CA /* Frameworks */,
				112FDA781E4F5C6300E229CA /* Resources */,
				1D01AD8015F1ECE537A647DC /* [CP] Embed Pods Frameworks */,
				C5B012C0E19CADFE0E04598F /* [CP] Copy Pods Resources */,
			);
			buildRules = (
			);
			dependencies = (
			);
			name = AmaroChallenge;
			productName = AmaroChallenge;
			productReference = 112FDA7A1E4F5C6300E229CA /* AmaroChallenge.app */;
			productType = "com.apple.product-type.application";
		};
		112FDA8D1E4F5C6400E229CA /* AmaroChallengeTests */ = {
			isa = PBXNativeTarget;
			buildConfigurationList = 112FDAA51E4F5C6400E229CA /* Build configuration list for PBXNativeTarget "AmaroChallengeTests" */;
			buildPhases = (
				D4302A408E64DF2B2C8EA4B5 /* [CP] Check Pods Manifest.lock */,
				112FDA8A1E4F5C6400E229CA /* Sources */,
				112FDA8B1E4F5C6400E229CA /* Frameworks */,
				112FDA8C1E4F5C6400E229CA /* Resources */,
				F67CB6B7AB4652EA039EC52B /* [CP] Embed Pods Frameworks */,
				53BF64CF2D72A5207C7811F8 /* [CP] Copy Pods Resources */,
			);
			buildRules = (
			);
			dependencies = (
				112FDA901E4F5C6400E229CA /* PBXTargetDependency */,
			);
			name = AmaroChallengeTests;
			productName = AmaroChallengeTests;
			productReference = 112FDA8E1E4F5C6400E229CA /* AmaroChallengeTests.xctest */;
			productType = "com.apple.product-type.bundle.unit-test";
		};
		112FDA981E4F5C6400E229CA /* AmaroChallengeUITests */ = {
			isa = PBXNativeTarget;
			buildConfigurationList = 112FDAA81E4F5C6400E229CA /* Build configuration list for PBXNativeTarget "AmaroChallengeUITests" */;
			buildPhases = (
				7913E29C63E30DC4E561D715 /* [CP] Check Pods Manifest.lock */,
				112FDA951E4F5C6400E229CA /* Sources */,
				112FDA961E4F5C6400E229CA /* Frameworks */,
				112FDA971E4F5C6400E229CA /* Resources */,
				A583B3B8BFF741833C20290A /* [CP] Embed Pods Frameworks */,
				7778BCEB52362465534908B5 /* [CP] Copy Pods Resources */,
			);
			buildRules = (
			);
			dependencies = (
				112FDA9B1E4F5C6400E229CA /* PBXTargetDependency */,
			);
			name = AmaroChallengeUITests;
			productName = AmaroChallengeUITests;
			productReference = 112FDA991E4F5C6400E229CA /* AmaroChallengeUITests.xctest */;
			productType = "com.apple.product-type.bundle.ui-testing";
		};
/* End PBXNativeTarget section */

/* Begin PBXProject section */
		112FDA721E4F5C6300E229CA /* Project object */ = {
			isa = PBXProject;
			attributes = {
				LastSwiftUpdateCheck = 0820;
				LastUpgradeCheck = 0820;
				ORGANIZATIONNAME = "Liliane Bezerra Lima";
				TargetAttributes = {
					112FDA791E4F5C6300E229CA = {
						CreatedOnToolsVersion = 8.2.1;
						DevelopmentTeam = 4RLR8FUC4X;
						ProvisioningStyle = Automatic;
					};
					112FDA8D1E4F5C6400E229CA = {
						CreatedOnToolsVersion = 8.2.1;
						DevelopmentTeam = 4RLR8FUC4X;
						ProvisioningStyle = Automatic;
						TestTargetID = 112FDA791E4F5C6300E229CA;
					};
					112FDA981E4F5C6400E229CA = {
						CreatedOnToolsVersion = 8.2.1;
						DevelopmentTeam = 4RLR8FUC4X;
						ProvisioningStyle = Automatic;
						TestTargetID = 112FDA791E4F5C6300E229CA;
					};
				};
			};
			buildConfigurationList = 112FDA751E4F5C6300E229CA /* Build configuration list for PBXProject "AmaroChallenge" */;
			compatibilityVersion = "Xcode 3.2";
			developmentRegion = English;
			hasScannedForEncodings = 0;
			knownRegions = (
				en,
				Base,
			);
			mainGroup = 112FDA711E4F5C6300E229CA;
			productRefGroup = 112FDA7B1E4F5C6300E229CA /* Products */;
			projectDirPath = "";
			projectRoot = "";
			targets = (
				112FDA791E4F5C6300E229CA /* AmaroChallenge */,
				112FDA8D1E4F5C6400E229CA /* AmaroChallengeTests */,
				112FDA981E4F5C6400E229CA /* AmaroChallengeUITests */,
			);
		};
/* End PBXProject section */

/* Begin PBXResourcesBuildPhase section */
		112FDA781E4F5C6300E229CA /* Resources */ = {
			isa = PBXResourcesBuildPhase;
			buildActionMask = 2147483647;
			files = (
				112FDA881E4F5C6400E229CA /* LaunchScreen.storyboard in Resources */,
				112FDAB81E4F65AB00E229CA /* products.json in Resources */,
				112FDA851E4F5C6400E229CA /* Assets.xcassets in Resources */,
				112FDA831E4F5C6400E229CA /* Main.storyboard in Resources */,
			);
			runOnlyForDeploymentPostprocessing = 0;
		};
		112FDA8C1E4F5C6400E229CA /* Resources */ = {
			isa = PBXResourcesBuildPhase;
			buildActionMask = 2147483647;
			files = (
			);
			runOnlyForDeploymentPostprocessing = 0;
		};
		112FDA971E4F5C6400E229CA /* Resources */ = {
			isa = PBXResourcesBuildPhase;
			buildActionMask = 2147483647;
			files = (
			);
			runOnlyForDeploymentPostprocessing = 0;
		};
/* End PBXResourcesBuildPhase section */

/* Begin PBXShellScriptBuildPhase section */
		1D01AD8015F1ECE537A647DC /* [CP] Embed Pods Frameworks */ = {
			isa = PBXShellScriptBuildPhase;
			buildActionMask = 2147483647;
			files = (
			);
			inputPaths = (
			);
			name = "[CP] Embed Pods Frameworks";
			outputPaths = (
			);
			runOnlyForDeploymentPostprocessing = 0;
			shellPath = /bin/sh;
			shellScript = "\"${SRCROOT}/Pods/Target Support Files/Pods-AmaroChallenge/Pods-AmaroChallenge-frameworks.sh\"\n";
			showEnvVarsInLog = 0;
		};
		359640EC8D4150F2D3081489 /* [CP] Check Pods Manifest.lock */ = {
			isa = PBXShellScriptBuildPhase;
			buildActionMask = 2147483647;
			files = (
			);
			inputPaths = (
			);
			name = "[CP] Check Pods Manifest.lock";
			outputPaths = (
			);
			runOnlyForDeploymentPostprocessing = 0;
			shellPath = /bin/sh;
			shellScript = "diff \"${PODS_ROOT}/../Podfile.lock\" \"${PODS_ROOT}/Manifest.lock\" > /dev/null\nif [ $? != 0 ] ; then\n    # print error to STDERR\n    echo \"error: The sandbox is not in sync with the Podfile.lock. Run 'pod install' or update your CocoaPods installation.\" >&2\n    exit 1\nfi\n";
			showEnvVarsInLog = 0;
		};
		53BF64CF2D72A5207C7811F8 /* [CP] Copy Pods Resources */ = {
			isa = PBXShellScriptBuildPhase;
			buildActionMask = 2147483647;
			files = (
			);
			inputPaths = (
			);
			name = "[CP] Copy Pods Resources";
			outputPaths = (
			);
			runOnlyForDeploymentPostprocessing = 0;
			shellPath = /bin/sh;
			shellScript = "\"${SRCROOT}/Pods/Target Support Files/Pods-AmaroChallengeTests/Pods-AmaroChallengeTests-resources.sh\"\n";
			showEnvVarsInLog = 0;
		};
		7778BCEB52362465534908B5 /* [CP] Copy Pods Resources */ = {
			isa = PBXShellScriptBuildPhase;
			buildActionMask = 2147483647;
			files = (
			);
			inputPaths = (
			);
			name = "[CP] Copy Pods Resources";
			outputPaths = (
			);
			runOnlyForDeploymentPostprocessing = 0;
			shellPath = /bin/sh;
			shellScript = "\"${SRCROOT}/Pods/Target Support Files/Pods-AmaroChallengeUITests/Pods-AmaroChallengeUITests-resources.sh\"\n";
			showEnvVarsInLog = 0;
		};
		7913E29C63E30DC4E561D715 /* [CP] Check Pods Manifest.lock */ = {
			isa = PBXShellScriptBuildPhase;
			buildActionMask = 2147483647;
			files = (
			);
			inputPaths = (
			);
			name = "[CP] Check Pods Manifest.lock";
			outputPaths = (
			);
			runOnlyForDeploymentPostprocessing = 0;
			shellPath = /bin/sh;
			shellScript = "diff \"${PODS_ROOT}/../Podfile.lock\" \"${PODS_ROOT}/Manifest.lock\" > /dev/null\nif [ $? != 0 ] ; then\n    # print error to STDERR\n    echo \"error: The sandbox is not in sync with the Podfile.lock. Run 'pod install' or update your CocoaPods installation.\" >&2\n    exit 1\nfi\n";
			showEnvVarsInLog = 0;
		};
		A583B3B8BFF741833C20290A /* [CP] Embed Pods Frameworks */ = {
			isa = PBXShellScriptBuildPhase;
			buildActionMask = 2147483647;
			files = (
			);
			inputPaths = (
			);
			name = "[CP] Embed Pods Frameworks";
			outputPaths = (
			);
			runOnlyForDeploymentPostprocessing = 0;
			shellPath = /bin/sh;
			shellScript = "\"${SRCROOT}/Pods/Target Support Files/Pods-AmaroChallengeUITests/Pods-AmaroChallengeUITests-frameworks.sh\"\n";
			showEnvVarsInLog = 0;
		};
		C5B012C0E19CADFE0E04598F /* [CP] Copy Pods Resources */ = {
			isa = PBXShellScriptBuildPhase;
			buildActionMask = 2147483647;
			files = (
			);
			inputPaths = (
			);
			name = "[CP] Copy Pods Resources";
			outputPaths = (
			);
			runOnlyForDeploymentPostprocessing = 0;
			shellPath = /bin/sh;
			shellScript = "\"${SRCROOT}/Pods/Target Support Files/Pods-AmaroChallenge/Pods-AmaroChallenge-resources.sh\"\n";
			showEnvVarsInLog = 0;
		};
		D4302A408E64DF2B2C8EA4B5 /* [CP] Check Pods Manifest.lock */ = {
			isa = PBXShellScriptBuildPhase;
			buildActionMask = 2147483647;
			files = (
			);
			inputPaths = (
			);
			name = "[CP] Check Pods Manifest.lock";
			outputPaths = (
			);
			runOnlyForDeploymentPostprocessing = 0;
			shellPath = /bin/sh;
			shellScript = "diff \"${PODS_ROOT}/../Podfile.lock\" \"${PODS_ROOT}/Manifest.lock\" > /dev/null\nif [ $? != 0 ] ; then\n    # print error to STDERR\n    echo \"error: The sandbox is not in sync with the Podfile.lock. Run 'pod install' or update your CocoaPods installation.\" >&2\n    exit 1\nfi\n";
			showEnvVarsInLog = 0;
		};
		F67CB6B7AB4652EA039EC52B /* [CP] Embed Pods Frameworks */ = {
			isa = PBXShellScriptBuildPhase;
			buildActionMask = 2147483647;
			files = (
			);
			inputPaths = (
			);
			name = "[CP] Embed Pods Frameworks";
			outputPaths = (
			);
			runOnlyForDeploymentPostprocessing = 0;
			shellPath = /bin/sh;
			shellScript = "\"${SRCROOT}/Pods/Target Support Files/Pods-AmaroChallengeTests/Pods-AmaroChallengeTests-frameworks.sh\"\n";
			showEnvVarsInLog = 0;
		};
/* End PBXShellScriptBuildPhase section */

/* Begin PBXSourcesBuildPhase section */
		112FDA761E4F5C6300E229CA /* Sources */ = {
			isa = PBXSourcesBuildPhase;
			buildActionMask = 2147483647;
			files = (
				112FDAB01E4F5FF900E229CA /* CardCollectionViewCell.swift in Sources */,
				112FDAC41E4F902100E229CA /* ListBuyViewController.swift in Sources */,
				112FDAC21E4F900B00E229CA /* ProductBuyTableViewCell.swift in Sources */,
				112FDAB51E4F63DD00E229CA /* Size.swift in Sources */,
				112FDAB31E4F633000E229CA /* Product.swift in Sources */,
				112FDAAE1E4F5F9D00E229CA /* CatalogViewController.swift in Sources */,
				117AF2931E50974C00400ACB /* RealmController.swift in Sources */,
				112FDA7E1E4F5C6400E229CA /* AppDelegate.swift in Sources */,
				112FDAC01E4F705900E229CA /* GetData.swift in Sources */,
				117AF2951E50A03200400ACB /* ProductRealm.swift in Sources */,
			);
			runOnlyForDeploymentPostprocessing = 0;
		};
		112FDA8A1E4F5C6400E229CA /* Sources */ = {
			isa = PBXSourcesBuildPhase;
			buildActionMask = 2147483647;
			files = (
				112FDA931E4F5C6400E229CA /* AmaroChallengeTests.swift in Sources */,
			);
			runOnlyForDeploymentPostprocessing = 0;
		};
		112FDA951E4F5C6400E229CA /* Sources */ = {
			isa = PBXSourcesBuildPhase;
			buildActionMask = 2147483647;
			files = (
				112FDA9E1E4F5C6400E229CA /* AmaroChallengeUITests.swift in Sources */,
			);
			runOnlyForDeploymentPostprocessing = 0;
		};
/* End PBXSourcesBuildPhase section */

/* Begin PBXTargetDependency section */
		112FDA901E4F5C6400E229CA /* PBXTargetDependency */ = {
			isa = PBXTargetDependency;
			target = 112FDA791E4F5C6300E229CA /* AmaroChallenge */;
			targetProxy = 112FDA8F1E4F5C6400E229CA /* PBXContainerItemProxy */;
		};
		112FDA9B1E4F5C6400E229CA /* PBXTargetDependency */ = {
			isa = PBXTargetDependency;
			target = 112FDA791E4F5C6300E229CA /* AmaroChallenge */;
			targetProxy = 112FDA9A1E4F5C6400E229CA /* PBXContainerItemProxy */;
		};
/* End PBXTargetDependency section */

/* Begin PBXVariantGroup section */
		112FDA811E4F5C6400E229CA /* Main.storyboard */ = {
			isa = PBXVariantGroup;
			children = (
				112FDA821E4F5C6400E229CA /* Base */,
			);
			name = Main.storyboard;
			sourceTree = "<group>";
		};
		112FDA861E4F5C6400E229CA /* LaunchScreen.storyboard */ = {
			isa = PBXVariantGroup;
			children = (
				112FDA871E4F5C6400E229CA /* Base */,
			);
			name = LaunchScreen.storyboard;
			sourceTree = "<group>";
		};
/* End PBXVariantGroup section */

/* Begin XCBuildConfiguration section */
		112FDAA01E4F5C6400E229CA /* Debug */ = {
			isa = XCBuildConfiguration;
			buildSettings = {
				ALWAYS_SEARCH_USER_PATHS = NO;
				CLANG_ANALYZER_NONNULL = YES;
				CLANG_CXX_LANGUAGE_STANDARD = "gnu++0x";
				CLANG_CXX_LIBRARY = "libc++";
				CLANG_ENABLE_MODULES = YES;
				CLANG_ENABLE_OBJC_ARC = YES;
				CLANG_WARN_BOOL_CONVERSION = YES;
				CLANG_WARN_CONSTANT_CONVERSION = YES;
				CLANG_WARN_DIRECT_OBJC_ISA_USAGE = YES_ERROR;
				CLANG_WARN_DOCUMENTATION_COMMENTS = YES;
				CLANG_WARN_EMPTY_BODY = YES;
				CLANG_WARN_ENUM_CONVERSION = YES;
				CLANG_WARN_INFINITE_RECURSION = YES;
				CLANG_WARN_INT_CONVERSION = YES;
				CLANG_WARN_OBJC_ROOT_CLASS = YES_ERROR;
				CLANG_WARN_SUSPICIOUS_MOVE = YES;
				CLANG_WARN_UNREACHABLE_CODE = YES;
				CLANG_WARN__DUPLICATE_METHOD_MATCH = YES;
				"CODE_SIGN_IDENTITY[sdk=iphoneos*]" = "iPhone Developer";
				COPY_PHASE_STRIP = NO;
				DEBUG_INFORMATION_FORMAT = dwarf;
				ENABLE_STRICT_OBJC_MSGSEND = YES;
				ENABLE_TESTABILITY = YES;
				GCC_C_LANGUAGE_STANDARD = gnu99;
				GCC_DYNAMIC_NO_PIC = NO;
				GCC_NO_COMMON_BLOCKS = YES;
				GCC_OPTIMIZATION_LEVEL = 0;
				GCC_PREPROCESSOR_DEFINITIONS = (
					"DEBUG=1",
					"$(inherited)",
				);
				GCC_WARN_64_TO_32_BIT_CONVERSION = YES;
				GCC_WARN_ABOUT_RETURN_TYPE = YES_ERROR;
				GCC_WARN_UNDECLARED_SELECTOR = YES;
				GCC_WARN_UNINITIALIZED_AUTOS = YES_AGGRESSIVE;
				GCC_WARN_UNUSED_FUNCTION = YES;
				GCC_WARN_UNUSED_VARIABLE = YES;
				IPHONEOS_DEPLOYMENT_TARGET = 10.2;
				MTL_ENABLE_DEBUG_INFO = YES;
				ONLY_ACTIVE_ARCH = YES;
				SDKROOT = iphoneos;
				SWIFT_ACTIVE_COMPILATION_CONDITIONS = DEBUG;
				SWIFT_OPTIMIZATION_LEVEL = "-Onone";
				TARGETED_DEVICE_FAMILY = "1,2";
			};
			name = Debug;
		};
		112FDAA11E4F5C6400E229CA /* Release */ = {
			isa = XCBuildConfiguration;
			buildSettings = {
				ALWAYS_SEARCH_USER_PATHS = NO;
				CLANG_ANALYZER_NONNULL = YES;
				CLANG_CXX_LANGUAGE_STANDARD = "gnu++0x";
				CLANG_CXX_LIBRARY = "libc++";
				CLANG_ENABLE_MODULES = YES;
				CLANG_ENABLE_OBJC_ARC = YES;
				CLANG_WARN_BOOL_CONVERSION = YES;
				CLANG_WARN_CONSTANT_CONVERSION = YES;
				CLANG_WARN_DIRECT_OBJC_ISA_USAGE = YES_ERROR;
				CLANG_WARN_DOCUMENTATION_COMMENTS = YES;
				CLANG_WARN_EMPTY_BODY = YES;
				CLANG_WARN_ENUM_CONVERSION = YES;
				CLANG_WARN_INFINITE_RECURSION = YES;
				CLANG_WARN_INT_CONVERSION = YES;
				CLANG_WARN_OBJC_ROOT_CLASS = YES_ERROR;
				CLANG_WARN_SUSPICIOUS_MOVE = YES;
				CLANG_WARN_UNREACHABLE_CODE = YES;
				CLANG_WARN__DUPLICATE_METHOD_MATCH = YES;
				"CODE_SIGN_IDENTITY[sdk=iphoneos*]" = "iPhone Developer";
				COPY_PHASE_STRIP = NO;
				DEBUG_INFORMATION_FORMAT = "dwarf-with-dsym";
				ENABLE_NS_ASSERTIONS = NO;
				ENABLE_STRICT_OBJC_MSGSEND = YES;
				GCC_C_LANGUAGE_STANDARD = gnu99;
				GCC_NO_COMMON_BLOCKS = YES;
				GCC_WARN_64_TO_32_BIT_CONVERSION = YES;
				GCC_WARN_ABOUT_RETURN_TYPE = YES_ERROR;
				GCC_WARN_UNDECLARED_SELECTOR = YES;
				GCC_WARN_UNINITIALIZED_AUTOS = YES_AGGRESSIVE;
				GCC_WARN_UNUSED_FUNCTION = YES;
				GCC_WARN_UNUSED_VARIABLE = YES;
				IPHONEOS_DEPLOYMENT_TARGET = 10.2;
				MTL_ENABLE_DEBUG_INFO = NO;
				SDKROOT = iphoneos;
				SWIFT_OPTIMIZATION_LEVEL = "-Owholemodule";
				TARGETED_DEVICE_FAMILY = "1,2";
				VALIDATE_PRODUCT = YES;
			};
			name = Release;
		};
		112FDAA31E4F5C6400E229CA /* Debug */ = {
			isa = XCBuildConfiguration;
			baseConfigurationReference = 1EE0218FD863180A7F528A01 /* Pods-AmaroChallenge.debug.xcconfig */;
			buildSettings = {
				ALWAYS_EMBED_SWIFT_STANDARD_LIBRARIES = YES;
				ASSETCATALOG_COMPILER_APPICON_NAME = AppIcon;
				DEVELOPMENT_TEAM = 4RLR8FUC4X;
				INFOPLIST_FILE = AmaroChallenge/Info.plist;
				LD_RUNPATH_SEARCH_PATHS = "$(inherited) @executable_path/Frameworks";
				PRODUCT_BUNDLE_IDENTIFIER = com.AmaroChallenge;
				PRODUCT_NAME = "$(TARGET_NAME)";
				SWIFT_VERSION = 3.0;
			};
			name = Debug;
		};
		112FDAA41E4F5C6400E229CA /* Release */ = {
			isa = XCBuildConfiguration;
			baseConfigurationReference = 966F99001D449A7E575E638B /* Pods-AmaroChallenge.release.xcconfig */;
			buildSettings = {
				ALWAYS_EMBED_SWIFT_STANDARD_LIBRARIES = YES;
				ASSETCATALOG_COMPILER_APPICON_NAME = AppIcon;
				DEVELOPMENT_TEAM = 4RLR8FUC4X;
				INFOPLIST_FILE = AmaroChallenge/Info.plist;
				LD_RUNPATH_SEARCH_PATHS = "$(inherited) @executable_path/Frameworks";
				PRODUCT_BUNDLE_IDENTIFIER = com.AmaroChallenge;
				PRODUCT_NAME = "$(TARGET_NAME)";
				SWIFT_VERSION = 3.0;
			};
			name = Release;
		};
		112FDAA61E4F5C6400E229CA /* Debug */ = {
			isa = XCBuildConfiguration;
			baseConfigurationReference = 478F18E5D4923CEA40CF992A /* Pods-AmaroChallengeTests.debug.xcconfig */;
			buildSettings = {
				ALWAYS_EMBED_SWIFT_STANDARD_LIBRARIES = YES;
				BUNDLE_LOADER = "$(TEST_HOST)";
				DEVELOPMENT_TEAM = 4RLR8FUC4X;
				INFOPLIST_FILE = AmaroChallengeTests/Info.plist;
				LD_RUNPATH_SEARCH_PATHS = "$(inherited) @executable_path/Frameworks @loader_path/Frameworks";
				PRODUCT_BUNDLE_IDENTIFIER = com.AmaroChallengeTests;
				PRODUCT_NAME = "$(TARGET_NAME)";
				SWIFT_VERSION = 3.0;
				TEST_HOST = "$(BUILT_PRODUCTS_DIR)/AmaroChallenge.app/AmaroChallenge";
			};
			name = Debug;
		};
		112FDAA71E4F5C6400E229CA /* Release */ = {
			isa = XCBuildConfiguration;
			baseConfigurationReference = E539CF79E768286085AE96B5 /* Pods-AmaroChallengeTests.release.xcconfig */;
			buildSettings = {
				ALWAYS_EMBED_SWIFT_STANDARD_LIBRARIES = YES;
				BUNDLE_LOADER = "$(TEST_HOST)";
				DEVELOPMENT_TEAM = 4RLR8FUC4X;
				INFOPLIST_FILE = AmaroChallengeTests/Info.plist;
				LD_RUNPATH_SEARCH_PATHS = "$(inherited) @executable_path/Frameworks @loader_path/Frameworks";
				PRODUCT_BUNDLE_IDENTIFIER = com.AmaroChallengeTests;
				PRODUCT_NAME = "$(TARGET_NAME)";
				SWIFT_VERSION = 3.0;
				TEST_HOST = "$(BUILT_PRODUCTS_DIR)/AmaroChallenge.app/AmaroChallenge";
			};
			name = Release;
		};
		112FDAA91E4F5C6400E229CA /* Debug */ = {
			isa = XCBuildConfiguration;
			baseConfigurationReference = 75FC1E19F4843293FFE7F072 /* Pods-AmaroChallengeUITests.debug.xcconfig */;
			buildSettings = {
				ALWAYS_EMBED_SWIFT_STANDARD_LIBRARIES = YES;
				DEVELOPMENT_TEAM = 4RLR8FUC4X;
				INFOPLIST_FILE = AmaroChallengeUITests/Info.plist;
				LD_RUNPATH_SEARCH_PATHS = "$(inherited) @executable_path/Frameworks @loader_path/Frameworks";
				PRODUCT_BUNDLE_IDENTIFIER = com.AmaroChallengeUITests;
				PRODUCT_NAME = "$(TARGET_NAME)";
				SWIFT_VERSION = 3.0;
				TEST_TARGET_NAME = AmaroChallenge;
			};
			name = Debug;
		};
		112FDAAA1E4F5C6400E229CA /* Release */ = {
			isa = XCBuildConfiguration;
			baseConfigurationReference = 73B9FEAE0E56F18E9E7244A7 /* Pods-AmaroChallengeUITests.release.xcconfig */;
			buildSettings = {
				ALWAYS_EMBED_SWIFT_STANDARD_LIBRARIES = YES;
				DEVELOPMENT_TEAM = 4RLR8FUC4X;
				INFOPLIST_FILE = AmaroChallengeUITests/Info.plist;
				LD_RUNPATH_SEARCH_PATHS = "$(inherited) @executable_path/Frameworks @loader_path/Frameworks";
				PRODUCT_BUNDLE_IDENTIFIER = com.AmaroChallengeUITests;
				PRODUCT_NAME = "$(TARGET_NAME)";
				SWIFT_VERSION = 3.0;
				TEST_TARGET_NAME = AmaroChallenge;
			};
			name = Release;
		};
/* End XCBuildConfiguration section */

/* Begin XCConfigurationList section */
		112FDA751E4F5C6300E229CA /* Build configuration list for PBXProject "AmaroChallenge" */ = {
			isa = XCConfigurationList;
			buildConfigurations = (
				112FDAA01E4F5C6400E229CA /* Debug */,
				112FDAA11E4F5C6400E229CA /* Release */,
			);
			defaultConfigurationIsVisible = 0;
			defaultConfigurationName = Release;
		};
		112FDAA21E4F5C6400E229CA /* Build configuration list for PBXNativeTarget "AmaroChallenge" */ = {
			isa = XCConfigurationList;
			buildConfigurations = (
				112FDAA31E4F5C6400E229CA /* Debug */,
				112FDAA41E4F5C6400E229CA /* Release */,
			);
			defaultConfigurationIsVisible = 0;
			defaultConfigurationName = Release;
		};
		112FDAA51E4F5C6400E229CA /* Build configuration list for PBXNativeTarget "AmaroChallengeTests" */ = {
			isa = XCConfigurationList;
			buildConfigurations = (
				112FDAA61E4F5C6400E229CA /* Debug */,
				112FDAA71E4F5C6400E229CA /* Release */,
			);
			defaultConfigurationIsVisible = 0;
			defaultConfigurationName = Release;
		};
		112FDAA81E4F5C6400E229CA /* Build configuration list for PBXNativeTarget "AmaroChallengeUITests" */ = {
			isa = XCConfigurationList;
			buildConfigurations = (
				112FDAA91E4F5C6400E229CA /* Debug */,
				112FDAAA1E4F5C6400E229CA /* Release */,
			);
			defaultConfigurationIsVisible = 0;
			defaultConfigurationName = Release;
		};
/* End XCConfigurationList section */
	};
	rootObject = 112FDA721E4F5C6300E229CA /* Project object */;
}
