// !$*UTF8*$!
{
	archiveVersion = 1;
	classes = {
	};
	objectVersion = 46;
	objects = {

/* Begin PBXBuildFile section */
		112FDA7E1E4F5C6400E229CA /* AppDelegate.swift in Sources */ = {isa = PBXBuildFile; fileRef = 112FDA7D1E4F5C6400E229CA /* AppDelegate.swift */; };
		112FDA801E4F5C6400E229CA /* ViewController.swift in Sources */ = {isa = PBXBuildFile; fileRef = 112FDA7F1E4F5C6400E229CA /* ViewController.swift */; };
		112FDA831E4F5C6400E229CA /* Main.storyboard in Resources */ = {isa = PBXBuildFile; fileRef = 112FDA811E4F5C6400E229CA /* Main.storyboard */; };
		112FDA851E4F5C6400E229CA /* Assets.xcassets in Resources */ = {isa = PBXBuildFile; fileRef = 112FDA841E4F5C6400E229CA /* Assets.xcassets */; };
		112FDA881E4F5C6400E229CA /* LaunchScreen.storyboard in Resources */ = {isa = PBXBuildFile; fileRef = 112FDA861E4F5C6400E229CA /* LaunchScreen.storyboard */; };
		112FDA931E4F5C6400E229CA /* AmaroChallengeTests.swift in Sources */ = {isa = PBXBuildFile; fileRef = 112FDA921E4F5C6400E229CA /* AmaroChallengeTests.swift */; };
		112FDA9E1E4F5C6400E229CA /* AmaroChallengeUITests.swift in Sources */ = {isa = PBXBuildFile; fileRef = 112FDA9D1E4F5C6400E229CA /* AmaroChallengeUITests.swift */; };
/* End PBXBuildFile section */

/* Begin PBXContainerItemProxy section */
		112FDA8F1E4F5C6400E229CA /* PBXContainerItemProxy */ = {
			isa = PBXContainerItemProxy;
			containerPortal = 112FDA721E4F5C6300E229CA /* Project object */;
			proxyType = 1;
			remoteGlobalIDString = 112FDA791E4F5C6300E229CA;
			remoteInfo = AmaroChallenge;
		};
		112FDA9A1E4F5C6400E229CA /* PBXContainerItemProxy */ = {
			isa = PBXContainerItemProxy;
			containerPortal = 112FDA721E4F5C6300E229CA /* Project object */;
			proxyType = 1;
			remoteGlobalIDString = 112FDA791E4F5C6300E229CA;
			remoteInfo = AmaroChallenge;
		};
/* End PBXContainerItemProxy section */

/* Begin PBXFileReference section */
		112FDA7A1E4F5C6300E229CA /* AmaroChallenge.app */ = {isa = PBXFileReference; explicitFileType = wrapper.application; includeInIndex = 0; path = AmaroChallenge.app; sourceTree = BUILT_PRODUCTS_DIR; };
		112FDA7D1E4F5C6400E229CA /* AppDelegate.swift */ = {isa = PBXFileReference; lastKnownFileType = sourcecode.swift; path = AppDelegate.swift; sourceTree = "<group>"; };
		112FDA7F1E4F5C6400E229CA /* ViewController.swift */ = {isa = PBXFileReference; lastKnownFileType = sourcecode.swift; path = ViewController.swift; sourceTree = "<group>"; };
		112FDA821E4F5C6400E229CA /* Base */ = {isa = PBXFileReference; lastKnownFileType = file.storyboard; name = Base; path = Base.lproj/Main.storyboard; sourceTree = "<group>"; };
		112FDA841E4F5C6400E229CA /* Assets.xcassets */ = {isa = PBXFileReference; lastKnownFileType = folder.assetcatalog; path = Assets.xcassets; sourceTree = "<group>"; };
		112FDA871E4F5C6400E229CA /* Base */ = {isa = PBXFileReference; lastKnownFileType = file.storyboard; name = Base; path = Base.lproj/LaunchScreen.storyboard; sourceTree = "<group>"; };
		112FDA891E4F5C6400E229CA /* Info.plist */ = {isa = PBXFileReference; lastKnownFileType = text.plist.xml; path = Info.plist; sourceTree = "<group>"; };
		112FDA8E1E4F5C6400E229CA /* AmaroChallengeTests.xctest */ = {isa = PBXFileReference; explicitFileType = wrapper.cfbundle; includeInIndex = 0; path = AmaroChallengeTests.xctest; sourceTree = BUILT_PRODUCTS_DIR; };
		112FDA921E4F5C6400E229CA /* AmaroChallengeTests.swift */ = {isa = PBXFileReference; lastKnownFileType = sourcecode.swift; path = AmaroChallengeTests.swift; sourceTree = "<group>"; };
		112FDA941E4F5C6400E229CA /* Info.plist */ = {isa = PBXFileReference; lastKnownFileType = text.plist.xml; path = Info.plist; sourceTree = "<group>"; };
		112FDA991E4F5C6400E229CA /* AmaroChallengeUITests.xctest */ = {isa = PBXFileReference; explicitFileType = wrapper.cfbundle; includeInIndex = 0; path = AmaroChallengeUITests.xctest; sourceTree = BUILT_PRODUCTS_DIR; };
		112FDA9D1E4F5C6400E229CA /* AmaroChallengeUITests.swift */ = {isa = PBXFileReference; lastKnownFileType = sourcecode.swift; path = AmaroChallengeUITests.swift; sourceTree = "<group>"; };
		112FDA9F1E4F5C6400E229CA /* Info.plist */ = {isa = PBXFileReference; lastKnownFileType = text.plist.xml; path = Info.plist; sourceTree = "<group>"; };
/* End PBXFileReference section */

/* Begin PBXFrameworksBuildPhase section */
		112FDA771E4F5C6300E229CA /* Frameworks */ = {
			isa = PBXFrameworksBuildPhase;
			buildActionMask = 2147483647;
			files = (
			);
			runOnlyForDeploymentPostprocessing = 0;
		};
		112FDA8B1E4F5C6400E229CA /* Frameworks */ = {
			isa = PBXFrameworksBuildPhase;
			buildActionMask = 2147483647;
			files = (
			);
			runOnlyForDeploymentPostprocessing = 0;
		};
		112FDA961E4F5C6400E229CA /* Frameworks */ = {
			isa = PBXFrameworksBuildPhase;
			buildActionMask = 2147483647;
			files = (
			);
			runOnlyForDeploymentPostprocessing = 0;
		};
/* End PBXFrameworksBuildPhase section */

/* Begin PBXGroup section */
		112FDA711E4F5C6300E229CA = {
			isa = PBXGroup;
			children = (
				112FDA7C1E4F5C6300E229CA /* AmaroChallenge */,
				112FDA911E4F5C6400E229CA /* AmaroChallengeTests */,
				112FDA9C1E4F5C6400E229CA /* AmaroChallengeUITests */,
				112FDA7B1E4F5C6300E229CA /* Products */,
			);
			sourceTree = "<group>";
		};
		112FDA7B1E4F5C6300E229CA /* Products */ = {
			isa = PBXGroup;
			children = (
				112FDA7A1E4F5C6300E229CA /* AmaroChallenge.app */,
				112FDA8E1E4F5C6400E229CA /* AmaroChallengeTests.xctest */,
				112FDA991E4F5C6400E229CA /* AmaroChallengeUITests.xctest */,
			);
			name = Products;
			sourceTree = "<group>";
		};
		112FDA7C1E4F5C6300E229CA /* AmaroChallenge */ = {
			isa = PBXGroup;
			children = (
				112FDA7D1E4F5C6400E229CA /* AppDelegate.swift */,
				112FDA7F1E4F5C6400E229CA /* ViewController.swift */,
				112FDA811E4F5C6400E229CA /* Main.storyboard */,
				112FDA841E4F5C6400E229CA /* Assets.xcassets */,
				112FDA861E4F5C6400E229CA /* LaunchScreen.storyboard */,
				112FDA891E4F5C6400E229CA /* Info.plist */,
			);
			path = AmaroChallenge;
			sourceTree = "<group>";
		};
		112FDA911E4F5C6400E229CA /* AmaroChallengeTests */ = {
			isa = PBXGroup;
			children = (
				112FDA921E4F5C6400E229CA /* AmaroChallengeTests.swift */,
				112FDA941E4F5C6400E229CA /* Info.plist */,
			);
			path = AmaroChallengeTests;
			sourceTree = "<group>";
		};
		112FDA9C1E4F5C6400E229CA /* AmaroChallengeUITests */ = {
			isa = PBXGroup;
			children = (
				112FDA9D1E4F5C6400E229CA /* AmaroChallengeUITests.swift */,
				112FDA9F1E4F5C6400E229CA /* Info.plist */,
			);
			path = AmaroChallengeUITests;
			sourceTree = "<group>";
		};
/* End PBXGroup section */

/* Begin PBXNativeTarget section */
		112FDA791E4F5C6300E229CA /* AmaroChallenge */ = {
			isa = PBXNativeTarget;
			buildConfigurationList = 112FDAA21E4F5C6400E229CA /* Build configuration list for PBXNativeTarget "AmaroChallenge" */;
			buildPhases = (
				112FDA761E4F5C6300E229CA /* Sources */,
				112FDA771E4F5C6300E229CA /* Frameworks */,
				112FDA781E4F5C6300E229CA /* Resources */,
			);
			buildRules = (
			);
			dependencies = (
			);
			name = AmaroChallenge;
			productName = AmaroChallenge;
			productReference = 112FDA7A1E4F5C6300E229CA /* AmaroChallenge.app */;
			productType = "com.apple.product-type.application";
		};
		112FDA8D1E4F5C6400E229CA /* AmaroChallengeTests */ = {
			isa = PBXNativeTarget;
			buildConfigurationList = 112FDAA51E4F5C6400E229CA /* Build configuration list for PBXNativeTarget "AmaroChallengeTests" */;
			buildPhases = (
				112FDA8A1E4F5C6400E229CA /* Sources */,
				112FDA8B1E4F5C6400E229CA /* Frameworks */,
				112FDA8C1E4F5C6400E229CA /* Resources */,
			);
			buildRules = (
			);
			dependencies = (
				112FDA901E4F5C6400E229CA /* PBXTargetDependency */,
			);
			name = AmaroChallengeTests;
			productName = AmaroChallengeTests;
			productReference = 112FDA8E1E4F5C6400E229CA /* AmaroChallengeTests.xctest */;
			productType = "com.apple.product-type.bundle.unit-test";
		};
		112FDA981E4F5C6400E229CA /* AmaroChallengeUITests */ = {
			isa = PBXNativeTarget;
			buildConfigurationList = 112FDAA81E4F5C6400E229CA /* Build configuration list for PBXNativeTarget "AmaroChallengeUITests" */;
			buildPhases = (
				112FDA951E4F5C6400E229CA /* Sources */,
				112FDA961E4F5C6400E229CA /* Frameworks */,
				112FDA971E4F5C6400E229CA /* Resources */,
			);
			buildRules = (
			);
			dependencies = (
				112FDA9B1E4F5C6400E229CA /* PBXTargetDependency */,
			);
			name = AmaroChallengeUITests;
			productName = AmaroChallengeUITests;
			productReference = 112FDA991E4F5C6400E229CA /* AmaroChallengeUITests.xctest */;
			productType = "com.apple.product-type.bundle.ui-testing";
		};
/* End PBXNativeTarget section */

/* Begin PBXProject section */
		112FDA721E4F5C6300E229CA /* Project object */ = {
			isa = PBXProject;
			attributes = {
				LastSwiftUpdateCheck = 0820;
				LastUpgradeCheck = 0820;
				ORGANIZATIONNAME = "Liliane Bezerra Lima";
				TargetAttributes = {
					112FDA791E4F5C6300E229CA = {
						CreatedOnToolsVersion = 8.2.1;
						DevelopmentTeam = 4RLR8FUC4X;
						ProvisioningStyle = Automatic;
					};
					112FDA8D1E4F5C6400E229CA = {
						CreatedOnToolsVersion = 8.2.1;
						DevelopmentTeam = 4RLR8FUC4X;
						ProvisioningStyle = Automatic;
						TestTargetID = 112FDA791E4F5C6300E229CA;
					};
					112FDA981E4F5C6400E229CA = {
						CreatedOnToolsVersion = 8.2.1;
						DevelopmentTeam = 4RLR8FUC4X;
						ProvisioningStyle = Automatic;
						TestTargetID = 112FDA791E4F5C6300E229CA;
					};
				};
			};
			buildConfigurationList = 112FDA751E4F5C6300E229CA /* Build configuration list for PBXProject "AmaroChallenge" */;
			compatibilityVersion = "Xcode 3.2";
			developmentRegion = English;
			hasScannedForEncodings = 0;
			knownRegions = (
				en,
				Base,
			);
			mainGroup = 112FDA711E4F5C6300E229CA;
			productRefGroup = 112FDA7B1E4F5C6300E229CA /* Products */;
			projectDirPath = "";
			projectRoot = "";
			targets = (
				112FDA791E4F5C6300E229CA /* AmaroChallenge */,
				112FDA8D1E4F5C6400E229CA /* AmaroChallengeTests */,
				112FDA981E4F5C6400E229CA /* AmaroChallengeUITests */,
			);
		};
/* End PBXProject section */

/* Begin PBXResourcesBuildPhase section */
		112FDA781E4F5C6300E229CA /* Resources */ = {
			isa = PBXResourcesBuildPhase;
			buildActionMask = 2147483647;
			files = (
				112FDA881E4F5C6400E229CA /* LaunchScreen.storyboard in Resources */,
				112FDA851E4F5C6400E229CA /* Assets.xcassets in Resources */,
				112FDA831E4F5C6400E229CA /* Main.storyboard in Resources */,
			);
			runOnlyForDeploymentPostprocessing = 0;
		};
		112FDA8C1E4F5C6400E229CA /* Resources */ = {
			isa = PBXResourcesBuildPhase;
			buildActionMask = 2147483647;
			files = (
			);
			runOnlyForDeploymentPostprocessing = 0;
		};
		112FDA971E4F5C6400E229CA /* Resources */ = {
			isa = PBXResourcesBuildPhase;
			buildActionMask = 2147483647;
			files = (
			);
			runOnlyForDeploymentPostprocessing = 0;
		};
/* End PBXResourcesBuildPhase section */

/* Begin PBXSourcesBuildPhase section */
		112FDA761E4F5C6300E229CA /* Sources */ = {
			isa = PBXSourcesBuildPhase;
			buildActionMask = 2147483647;
			files = (
				112FDA801E4F5C6400E229CA /* ViewController.swift in Sources */,
				112FDA7E1E4F5C6400E229CA /* AppDelegate.swift in Sources */,
			);
			runOnlyForDeploymentPostprocessing = 0;
		};
		112FDA8A1E4F5C6400E229CA /* Sources */ = {
			isa = PBXSourcesBuildPhase;
			buildActionMask = 2147483647;
			files = (
				112FDA931E4F5C6400E229CA /* AmaroChallengeTests.swift in Sources */,
			);
			runOnlyForDeploymentPostprocessing = 0;
		};
		112FDA951E4F5C6400E229CA /* Sources */ = {
			isa = PBXSourcesBuildPhase;
			buildActionMask = 2147483647;
			files = (
				112FDA9E1E4F5C6400E229CA /* AmaroChallengeUITests.swift in Sources */,
			);
			runOnlyForDeploymentPostprocessing = 0;
		};
/* End PBXSourcesBuildPhase section */

/* Begin PBXTargetDependency section */
		112FDA901E4F5C6400E229CA /* PBXTargetDependency */ = {
			isa = PBXTargetDependency;
			target = 112FDA791E4F5C6300E229CA /* AmaroChallenge */;
			targetProxy = 112FDA8F1E4F5C6400E229CA /* PBXContainerItemProxy */;
		};
		112FDA9B1E4F5C6400E229CA /* PBXTargetDependency */ = {
			isa = PBXTargetDependency;
			target = 112FDA791E4F5C6300E229CA /* AmaroChallenge */;
			targetProxy = 112FDA9A1E4F5C6400E229CA /* PBXContainerItemProxy */;
		};
/* End PBXTargetDependency section */

/* Begin PBXVariantGroup section */
		112FDA811E4F5C6400E229CA /* Main.storyboard */ = {
			isa = PBXVariantGroup;
			children = (
				112FDA821E4F5C6400E229CA /* Base */,
			);
			name = Main.storyboard;
			sourceTree = "<group>";
		};
		112FDA861E4F5C6400E229CA /* LaunchScreen.storyboard */ = {
			isa = PBXVariantGroup;
			children = (
				112FDA871E4F5C6400E229CA /* Base */,
			);
			name = LaunchScreen.storyboard;
			sourceTree = "<group>";
		};
/* End PBXVariantGroup section */

/* Begin XCBuildConfiguration section */
		112FDAA01E4F5C6400E229CA /* Debug */ = {
			isa = XCBuildConfiguration;
			buildSettings = {
				ALWAYS_SEARCH_USER_PATHS = NO;
				CLANG_ANALYZER_NONNULL = YES;
				CLANG_CXX_LANGUAGE_STANDARD = "gnu++0x";
				CLANG_CXX_LIBRARY = "libc++";
				CLANG_ENABLE_MODULES = YES;
				CLANG_ENABLE_OBJC_ARC = YES;
				CLANG_WARN_BOOL_CONVERSION = YES;
				CLANG_WARN_CONSTANT_CONVERSION = YES;
				CLANG_WARN_DIRECT_OBJC_ISA_USAGE = YES_ERROR;
				CLANG_WARN_DOCUMENTATION_COMMENTS = YES;
				CLANG_WARN_EMPTY_BODY = YES;
				CLANG_WARN_ENUM_CONVERSION = YES;
				CLANG_WARN_INFINITE_RECURSION = YES;
				CLANG_WARN_INT_CONVERSION = YES;
				CLANG_WARN_OBJC_ROOT_CLASS = YES_ERROR;
				CLANG_WARN_SUSPICIOUS_MOVE = YES;
				CLANG_WARN_UNREACHABLE_CODE = YES;
				CLANG_WARN__DUPLICATE_METHOD_MATCH = YES;
				"CODE_SIGN_IDENTITY[sdk=iphoneos*]" = "iPhone Developer";
				COPY_PHASE_STRIP = NO;
				DEBUG_INFORMATION_FORMAT = dwarf;
				ENABLE_STRICT_OBJC_MSGSEND = YES;
				ENABLE_TESTABILITY = YES;
				GCC_C_LANGUAGE_STANDARD = gnu99;
				GCC_DYNAMIC_NO_PIC = NO;
				GCC_NO_COMMON_BLOCKS = YES;
				GCC_OPTIMIZATION_LEVEL = 0;
				GCC_PREPROCESSOR_DEFINITIONS = (
					"DEBUG=1",
					"$(inherited)",
				);
				GCC_WARN_64_TO_32_BIT_CONVERSION = YES;
				GCC_WARN_ABOUT_RETURN_TYPE = YES_ERROR;
				GCC_WARN_UNDECLARED_SELECTOR = YES;
				GCC_WARN_UNINITIALIZED_AUTOS = YES_AGGRESSIVE;
				GCC_WARN_UNUSED_FUNCTION = YES;
				GCC_WARN_UNUSED_VARIABLE = YES;
				IPHONEOS_DEPLOYMENT_TARGET = 10.2;
				MTL_ENABLE_DEBUG_INFO = YES;
				ONLY_ACTIVE_ARCH = YES;
				SDKROOT = iphoneos;
				SWIFT_ACTIVE_COMPILATION_CONDITIONS = DEBUG;
				SWIFT_OPTIMIZATION_LEVEL = "-Onone";
				TARGETED_DEVICE_FAMILY = "1,2";
			};
			name = Debug;
		};
		112FDAA11E4F5C6400E229CA /* Release */ = {
			isa = XCBuildConfiguration;
			buildSettings = {
				ALWAYS_SEARCH_USER_PATHS = NO;
				CLANG_ANALYZER_NONNULL = YES;
				CLANG_CXX_LANGUAGE_STANDARD = "gnu++0x";
				CLANG_CXX_LIBRARY = "libc++";
				CLANG_ENABLE_MODULES = YES;
				CLANG_ENABLE_OBJC_ARC = YES;
				CLANG_WARN_BOOL_CONVERSION = YES;
				CLANG_WARN_CONSTANT_CONVERSION = YES;
				CLANG_WARN_DIRECT_OBJC_ISA_USAGE = YES_ERROR;
				CLANG_WARN_DOCUMENTATION_COMMENTS = YES;
				CLANG_WARN_EMPTY_BODY = YES;
				CLANG_WARN_ENUM_CONVERSION = YES;
				CLANG_WARN_INFINITE_RECURSION = YES;
				CLANG_WARN_INT_CONVERSION = YES;
				CLANG_WARN_OBJC_ROOT_CLASS = YES_ERROR;
				CLANG_WARN_SUSPICIOUS_MOVE = YES;
				CLANG_WARN_UNREACHABLE_CODE = YES;
				CLANG_WARN__DUPLICATE_METHOD_MATCH = YES;
				"CODE_SIGN_IDENTITY[sdk=iphoneos*]" = "iPhone Developer";
				COPY_PHASE_STRIP = NO;
				DEBUG_INFORMATION_FORMAT = "dwarf-with-dsym";
				ENABLE_NS_ASSERTIONS = NO;
				ENABLE_STRICT_OBJC_MSGSEND = YES;
				GCC_C_LANGUAGE_STANDARD = gnu99;
				GCC_NO_COMMON_BLOCKS = YES;
				GCC_WARN_64_TO_32_BIT_CONVERSION = YES;
				GCC_WARN_ABOUT_RETURN_TYPE = YES_ERROR;
				GCC_WARN_UNDECLARED_SELECTOR = YES;
				GCC_WARN_UNINITIALIZED_AUTOS = YES_AGGRESSIVE;
				GCC_WARN_UNUSED_FUNCTION = YES;
				GCC_WARN_UNUSED_VARIABLE = YES;
				IPHONEOS_DEPLOYMENT_TARGET = 10.2;
				MTL_ENABLE_DEBUG_INFO = NO;
				SDKROOT = iphoneos;
				SWIFT_OPTIMIZATION_LEVEL = "-Owholemodule";
				TARGETED_DEVICE_FAMILY = "1,2";
				VALIDATE_PRODUCT = YES;
			};
			name = Release;
		};
		112FDAA31E4F5C6400E229CA /* Debug */ = {
			isa = XCBuildConfiguration;
			buildSettings = {
				ASSETCATALOG_COMPILER_APPICON_NAME = AppIcon;
				DEVELOPMENT_TEAM = 4RLR8FUC4X;
				INFOPLIST_FILE = AmaroChallenge/Info.plist;
				LD_RUNPATH_SEARCH_PATHS = "$(inherited) @executable_path/Frameworks";
				PRODUCT_BUNDLE_IDENTIFIER = com.AmaroChallenge;
				PRODUCT_NAME = "$(TARGET_NAME)";
				SWIFT_VERSION = 3.0;
			};
			name = Debug;
		};
		112FDAA41E4F5C6400E229CA /* Release */ = {
			isa = XCBuildConfiguration;
			buildSettings = {
				ASSETCATALOG_COMPILER_APPICON_NAME = AppIcon;
				DEVELOPMENT_TEAM = 4RLR8FUC4X;
				INFOPLIST_FILE = AmaroChallenge/Info.plist;
				LD_RUNPATH_SEARCH_PATHS = "$(inherited) @executable_path/Frameworks";
				PRODUCT_BUNDLE_IDENTIFIER = com.AmaroChallenge;
				PRODUCT_NAME = "$(TARGET_NAME)";
				SWIFT_VERSION = 3.0;
			};
			name = Release;
		};
		112FDAA61E4F5C6400E229CA /* Debug */ = {
			isa = XCBuildConfiguration;
			buildSettings = {
				ALWAYS_EMBED_SWIFT_STANDARD_LIBRARIES = YES;
				BUNDLE_LOADER = "$(TEST_HOST)";
				DEVELOPMENT_TEAM = 4RLR8FUC4X;
				INFOPLIST_FILE = AmaroChallengeTests/Info.plist;
				LD_RUNPATH_SEARCH_PATHS = "$(inherited) @executable_path/Frameworks @loader_path/Frameworks";
				PRODUCT_BUNDLE_IDENTIFIER = com.AmaroChallengeTests;
				PRODUCT_NAME = "$(TARGET_NAME)";
				SWIFT_VERSION = 3.0;
				TEST_HOST = "$(BUILT_PRODUCTS_DIR)/AmaroChallenge.app/AmaroChallenge";
			};
			name = Debug;
		};
		112FDAA71E4F5C6400E229CA /* Release */ = {
			isa = XCBuildConfiguration;
			buildSettings = {
				ALWAYS_EMBED_SWIFT_STANDARD_LIBRARIES = YES;
				BUNDLE_LOADER = "$(TEST_HOST)";
				DEVELOPMENT_TEAM = 4RLR8FUC4X;
				INFOPLIST_FILE = AmaroChallengeTests/Info.plist;
				LD_RUNPATH_SEARCH_PATHS = "$(inherited) @executable_path/Frameworks @loader_path/Frameworks";
				PRODUCT_BUNDLE_IDENTIFIER = com.AmaroChallengeTests;
				PRODUCT_NAME = "$(TARGET_NAME)";
				SWIFT_VERSION = 3.0;
				TEST_HOST = "$(BUILT_PRODUCTS_DIR)/AmaroChallenge.app/AmaroChallenge";
			};
			name = Release;
		};
		112FDAA91E4F5C6400E229CA /* Debug */ = {
			isa = XCBuildConfiguration;
			buildSettings = {
				ALWAYS_EMBED_SWIFT_STANDARD_LIBRARIES = YES;
				DEVELOPMENT_TEAM = 4RLR8FUC4X;
				INFOPLIST_FILE = AmaroChallengeUITests/Info.plist;
				LD_RUNPATH_SEARCH_PATHS = "$(inherited) @executable_path/Frameworks @loader_path/Frameworks";
				PRODUCT_BUNDLE_IDENTIFIER = com.AmaroChallengeUITests;
				PRODUCT_NAME = "$(TARGET_NAME)";
				SWIFT_VERSION = 3.0;
				TEST_TARGET_NAME = AmaroChallenge;
			};
			name = Debug;
		};
		112FDAAA1E4F5C6400E229CA /* Release */ = {
			isa = XCBuildConfiguration;
			buildSettings = {
				ALWAYS_EMBED_SWIFT_STANDARD_LIBRARIES = YES;
				DEVELOPMENT_TEAM = 4RLR8FUC4X;
				INFOPLIST_FILE = AmaroChallengeUITests/Info.plist;
				LD_RUNPATH_SEARCH_PATHS = "$(inherited) @executable_path/Frameworks @loader_path/Frameworks";
				PRODUCT_BUNDLE_IDENTIFIER = com.AmaroChallengeUITests;
				PRODUCT_NAME = "$(TARGET_NAME)";
				SWIFT_VERSION = 3.0;
				TEST_TARGET_NAME = AmaroChallenge;
			};
			name = Release;
		};
/* End XCBuildConfiguration section */

/* Begin XCConfigurationList section */
		112FDA751E4F5C6300E229CA /* Build configuration list for PBXProject "AmaroChallenge" */ = {
			isa = XCConfigurationList;
			buildConfigurations = (
				112FDAA01E4F5C6400E229CA /* Debug */,
				112FDAA11E4F5C6400E229CA /* Release */,
			);
			defaultConfigurationIsVisible = 0;
			defaultConfigurationName = Release;
		};
		112FDAA21E4F5C6400E229CA /* Build configuration list for PBXNativeTarget "AmaroChallenge" */ = {
			isa = XCConfigurationList;
			buildConfigurations = (
				112FDAA31E4F5C6400E229CA /* Debug */,
				112FDAA41E4F5C6400E229CA /* Release */,
			);
			defaultConfigurationIsVisible = 0;
		};
		112FDAA51E4F5C6400E229CA /* Build configuration list for PBXNativeTarget "AmaroChallengeTests" */ = {
			isa = XCConfigurationList;
			buildConfigurations = (
				112FDAA61E4F5C6400E229CA /* Debug */,
				112FDAA71E4F5C6400E229CA /* Release */,
			);
			defaultConfigurationIsVisible = 0;
		};
		112FDAA81E4F5C6400E229CA /* Build configuration list for PBXNativeTarget "AmaroChallengeUITests" */ = {
			isa = XCConfigurationList;
			buildConfigurations = (
				112FDAA91E4F5C6400E229CA /* Debug */,
				112FDAAA1E4F5C6400E229CA /* Release */,
			);
			defaultConfigurationIsVisible = 0;
		};
/* End XCConfigurationList section */
	};
	rootObject = 112FDA721E4F5C6300E229CA /* Project object */;
}
